// !$*UTF8*$!
{
	archiveVersion = 1;
	classes = {
	};
	objectVersion = 50;
	objects = {

/* Begin PBXBuildFile section */
		CB1E8208255E9D9400DE3108 /* ParseRSS.swift in Sources */ = {isa = PBXBuildFile; fileRef = CB1E8207255E9D9400DE3108 /* ParseRSS.swift */; };
		CB5E4205255A9D9D00CB3872 /* AppDelegate.swift in Sources */ = {isa = PBXBuildFile; fileRef = CB5E4204255A9D9D00CB3872 /* AppDelegate.swift */; };
		CB5E4207255A9D9D00CB3872 /* SceneDelegate.swift in Sources */ = {isa = PBXBuildFile; fileRef = CB5E4206255A9D9D00CB3872 /* SceneDelegate.swift */; };
		CB5E420E255A9DA000CB3872 /* Assets.xcassets in Resources */ = {isa = PBXBuildFile; fileRef = CB5E420D255A9DA000CB3872 /* Assets.xcassets */; };
		CB5E4211255A9DA000CB3872 /* LaunchScreen.storyboard in Resources */ = {isa = PBXBuildFile; fileRef = CB5E420F255A9DA000CB3872 /* LaunchScreen.storyboard */; };
		CB5E4221255A9F4600CB3872 /* MainNewsTabelTableViewController.swift in Sources */ = {isa = PBXBuildFile; fileRef = CB5E4220255A9F4600CB3872 /* MainNewsTabelTableViewController.swift */; };
		CB5E4225255A9FDA00CB3872 /* NewsModel.swift in Sources */ = {isa = PBXBuildFile; fileRef = CB5E4224255A9FDA00CB3872 /* NewsModel.swift */; };
		CB750B762561506200D3BE25 /* CreateViewProtocol.swift in Sources */ = {isa = PBXBuildFile; fileRef = CB750B752561506200D3BE25 /* CreateViewProtocol.swift */; };
		CB946195255AA47500AADB74 /* NewsTableViewCell.swift in Sources */ = {isa = PBXBuildFile; fileRef = CB946194255AA47500AADB74 /* NewsTableViewCell.swift */; };
		CB94619E255AB8B200AADB74 /* AboutCellViewController.swift in Sources */ = {isa = PBXBuildFile; fileRef = CB94619D255AB8B200AADB74 /* AboutCellViewController.swift */; };
		CB9461A2255ABB1F00AADB74 /* CellView.swift in Sources */ = {isa = PBXBuildFile; fileRef = CB9461A1255ABB1F00AADB74 /* CellView.swift */; };
/* End PBXBuildFile section */

/* Begin PBXFileReference section */
		CB1E8207255E9D9400DE3108 /* ParseRSS.swift */ = {isa = PBXFileReference; lastKnownFileType = sourcecode.swift; path = ParseRSS.swift; sourceTree = "<group>"; };
		CB5E4201255A9D9D00CB3872 /* News.app */ = {isa = PBXFileReference; explicitFileType = wrapper.application; includeInIndex = 0; path = News.app; sourceTree = BUILT_PRODUCTS_DIR; };
		CB5E4204255A9D9D00CB3872 /* AppDelegate.swift */ = {isa = PBXFileReference; lastKnownFileType = sourcecode.swift; path = AppDelegate.swift; sourceTree = "<group>"; };
		CB5E4206255A9D9D00CB3872 /* SceneDelegate.swift */ = {isa = PBXFileReference; lastKnownFileType = sourcecode.swift; path = SceneDelegate.swift; sourceTree = "<group>"; };
		CB5E420D255A9DA000CB3872 /* Assets.xcassets */ = {isa = PBXFileReference; lastKnownFileType = folder.assetcatalog; path = Assets.xcassets; sourceTree = "<group>"; };
		CB5E4210255A9DA000CB3872 /* Base */ = {isa = PBXFileReference; lastKnownFileType = file.storyboard; name = Base; path = Base.lproj/LaunchScreen.storyboard; sourceTree = "<group>"; };
		CB5E4212255A9DA000CB3872 /* Info.plist */ = {isa = PBXFileReference; lastKnownFileType = text.plist.xml; path = Info.plist; sourceTree = "<group>"; };
		CB5E4220255A9F4600CB3872 /* MainNewsTabelTableViewController.swift */ = {isa = PBXFileReference; lastKnownFileType = sourcecode.swift; path = MainNewsTabelTableViewController.swift; sourceTree = "<group>"; };
		CB5E4224255A9FDA00CB3872 /* NewsModel.swift */ = {isa = PBXFileReference; lastKnownFileType = sourcecode.swift; path = NewsModel.swift; sourceTree = "<group>"; };
		CB750B752561506200D3BE25 /* CreateViewProtocol.swift */ = {isa = PBXFileReference; lastKnownFileType = sourcecode.swift; path = CreateViewProtocol.swift; sourceTree = "<group>"; };
		CB946194255AA47500AADB74 /* NewsTableViewCell.swift */ = {isa = PBXFileReference; lastKnownFileType = sourcecode.swift; path = NewsTableViewCell.swift; sourceTree = "<group>"; };
		CB94619D255AB8B200AADB74 /* AboutCellViewController.swift */ = {isa = PBXFileReference; lastKnownFileType = sourcecode.swift; path = AboutCellViewController.swift; sourceTree = "<group>"; };
		CB9461A1255ABB1F00AADB74 /* CellView.swift */ = {isa = PBXFileReference; lastKnownFileType = sourcecode.swift; path = CellView.swift; sourceTree = "<group>"; };
/* End PBXFileReference section */

/* Begin PBXFrameworksBuildPhase section */
		CB5E41FE255A9D9D00CB3872 /* Frameworks */ = {
			isa = PBXFrameworksBuildPhase;
			buildActionMask = 2147483647;
			files = (
			);
			runOnlyForDeploymentPostprocessing = 0;
		};
/* End PBXFrameworksBuildPhase section */

/* Begin PBXGroup section */
		CB5E41F8255A9D9D00CB3872 = {
			isa = PBXGroup;
			children = (
				CB5E4203255A9D9D00CB3872 /* News */,
				CB5E4202255A9D9D00CB3872 /* Products */,
			);
			sourceTree = "<group>";
		};
		CB5E4202255A9D9D00CB3872 /* Products */ = {
			isa = PBXGroup;
			children = (
				CB5E4201255A9D9D00CB3872 /* News.app */,
			);
			name = Products;
			sourceTree = "<group>";
		};
		CB5E4203255A9D9D00CB3872 /* News */ = {
			isa = PBXGroup;
			children = (
				CB5E421F255A9EFE00CB3872 /* Models */,
				CB5E421D255A9EE700CB3872 /* Views */,
				CB5E421E255A9EEF00CB3872 /* Controllers */,
				CB5E421B255A9E9600CB3872 /* SupportingFiles */,
			);
			path = News;
			sourceTree = "<group>";
		};
		CB5E421B255A9E9600CB3872 /* SupportingFiles */ = {
			isa = PBXGroup;
			children = (
				CB5E4204255A9D9D00CB3872 /* AppDelegate.swift */,
				CB5E4206255A9D9D00CB3872 /* SceneDelegate.swift */,
				CB5E420D255A9DA000CB3872 /* Assets.xcassets */,
				CB5E420F255A9DA000CB3872 /* LaunchScreen.storyboard */,
				CB5E4212255A9DA000CB3872 /* Info.plist */,
			);
			path = SupportingFiles;
			sourceTree = "<group>";
		};
		CB5E421D255A9EE700CB3872 /* Views */ = {
			isa = PBXGroup;
			children = (
				CB9461A1255ABB1F00AADB74 /* CellView.swift */,
			);
			path = Views;
			sourceTree = "<group>";
		};
		CB5E421E255A9EEF00CB3872 /* Controllers */ = {
			isa = PBXGroup;
			children = (
				CB5E4220255A9F4600CB3872 /* MainNewsTabelTableViewController.swift */,
				CB946194255AA47500AADB74 /* NewsTableViewCell.swift */,
				CB94619D255AB8B200AADB74 /* AboutCellViewController.swift */,
				CB1E8207255E9D9400DE3108 /* ParseRSS.swift */,
			);
			path = Controllers;
			sourceTree = "<group>";
		};
		CB5E421F255A9EFE00CB3872 /* Models */ = {
			isa = PBXGroup;
			children = (
				CB5E4224255A9FDA00CB3872 /* NewsModel.swift */,
				CB750B752561506200D3BE25 /* CreateViewProtocol.swift */,
			);
			path = Models;
			sourceTree = "<group>";
		};
/* End PBXGroup section */

/* Begin PBXNativeTarget section */
		CB5E4200255A9D9D00CB3872 /* News */ = {
			isa = PBXNativeTarget;
			buildConfigurationList = CB5E4215255A9DA000CB3872 /* Build configuration list for PBXNativeTarget "News" */;
			buildPhases = (
				CB5E41FD255A9D9D00CB3872 /* Sources */,
				CB5E41FE255A9D9D00CB3872 /* Frameworks */,
				CB5E41FF255A9D9D00CB3872 /* Resources */,
			);
			buildRules = (
			);
			dependencies = (
			);
			name = News;
			productName = News;
			productReference = CB5E4201255A9D9D00CB3872 /* News.app */;
			productType = "com.apple.product-type.application";
		};
/* End PBXNativeTarget section */

/* Begin PBXProject section */
		CB5E41F9255A9D9D00CB3872 /* Project object */ = {
			isa = PBXProject;
			attributes = {
				LastSwiftUpdateCheck = 1200;
				LastUpgradeCheck = 1200;
				TargetAttributes = {
					CB5E4200255A9D9D00CB3872 = {
						CreatedOnToolsVersion = 12.0;
					};
				};
			};
			buildConfigurationList = CB5E41FC255A9D9D00CB3872 /* Build configuration list for PBXProject "News" */;
			compatibilityVersion = "Xcode 9.3";
			developmentRegion = en;
			hasScannedForEncodings = 0;
			knownRegions = (
				en,
				Base,
			);
			mainGroup = CB5E41F8255A9D9D00CB3872;
			productRefGroup = CB5E4202255A9D9D00CB3872 /* Products */;
			projectDirPath = "";
			projectRoot = "";
			targets = (
				CB5E4200255A9D9D00CB3872 /* News */,
			);
		};
/* End PBXProject section */

/* Begin PBXResourcesBuildPhase section */
		CB5E41FF255A9D9D00CB3872 /* Resources */ = {
			isa = PBXResourcesBuildPhase;
			buildActionMask = 2147483647;
			files = (
				CB5E4211255A9DA000CB3872 /* LaunchScreen.storyboard in Resources */,
				CB5E420E255A9DA000CB3872 /* Assets.xcassets in Resources */,
			);
			runOnlyForDeploymentPostprocessing = 0;
		};
/* End PBXResourcesBuildPhase section */

/* Begin PBXSourcesBuildPhase section */
		CB5E41FD255A9D9D00CB3872 /* Sources */ = {
			isa = PBXSourcesBuildPhase;
			buildActionMask = 2147483647;
			files = (
				CB94619E255AB8B200AADB74 /* AboutCellViewController.swift in Sources */,
				CB5E4225255A9FDA00CB3872 /* NewsModel.swift in Sources */,
				CB1E8208255E9D9400DE3108 /* ParseRSS.swift in Sources */,
				CB5E4221255A9F4600CB3872 /* MainNewsTabelTableViewController.swift in Sources */,
				CB946195255AA47500AADB74 /* NewsTableViewCell.swift in Sources */,
				CB9461A2255ABB1F00AADB74 /* CellView.swift in Sources */,
				CB5E4205255A9D9D00CB3872 /* AppDelegate.swift in Sources */,
				CB750B762561506200D3BE25 /* CreateViewProtocol.swift in Sources */,
				CB5E4207255A9D9D00CB3872 /* SceneDelegate.swift in Sources */,
			);
			runOnlyForDeploymentPostprocessing = 0;
		};
/* End PBXSourcesBuildPhase section */

/* Begin PBXVariantGroup section */
		CB5E420F255A9DA000CB3872 /* LaunchScreen.storyboard */ = {
			isa = PBXVariantGroup;
			children = (
				CB5E4210255A9DA000CB3872 /* Base */,
			);
			name = LaunchScreen.storyboard;
			sourceTree = "<group>";
		};
/* End PBXVariantGroup section */

/* Begin XCBuildConfiguration section */
		CB5E4213255A9DA000CB3872 /* Debug */ = {
			isa = XCBuildConfiguration;
			buildSettings = {
				ALWAYS_SEARCH_USER_PATHS = NO;
				CLANG_ANALYZER_NONNULL = YES;
				CLANG_ANALYZER_NUMBER_OBJECT_CONVERSION = YES_AGGRESSIVE;
				CLANG_CXX_LANGUAGE_STANDARD = "gnu++14";
				CLANG_CXX_LIBRARY = "libc++";
				CLANG_ENABLE_MODULES = YES;
				CLANG_ENABLE_OBJC_ARC = YES;
				CLANG_ENABLE_OBJC_WEAK = YES;
				CLANG_WARN_BLOCK_CAPTURE_AUTORELEASING = YES;
				CLANG_WARN_BOOL_CONVERSION = YES;
				CLANG_WARN_COMMA = YES;
				CLANG_WARN_CONSTANT_CONVERSION = YES;
				CLANG_WARN_DEPRECATED_OBJC_IMPLEMENTATIONS = YES;
				CLANG_WARN_DIRECT_OBJC_ISA_USAGE = YES_ERROR;
				CLANG_WARN_DOCUMENTATION_COMMENTS = YES;
				CLANG_WARN_EMPTY_BODY = YES;
				CLANG_WARN_ENUM_CONVERSION = YES;
				CLANG_WARN_INFINITE_RECURSION = YES;
				CLANG_WARN_INT_CONVERSION = YES;
				CLANG_WARN_NON_LITERAL_NULL_CONVERSION = YES;
				CLANG_WARN_OBJC_IMPLICIT_RETAIN_SELF = YES;
				CLANG_WARN_OBJC_LITERAL_CONVERSION = YES;
				CLANG_WARN_OBJC_ROOT_CLASS = YES_ERROR;
				CLANG_WARN_QUOTED_INCLUDE_IN_FRAMEWORK_HEADER = YES;
				CLANG_WARN_RANGE_LOOP_ANALYSIS = YES;
				CLANG_WARN_STRICT_PROTOTYPES = YES;
				CLANG_WARN_SUSPICIOUS_MOVE = YES;
				CLANG_WARN_UNGUARDED_AVAILABILITY = YES_AGGRESSIVE;
				CLANG_WARN_UNREACHABLE_CODE = YES;
				CLANG_WARN__DUPLICATE_METHOD_MATCH = YES;
				COPY_PHASE_STRIP = NO;
				DEBUG_INFORMATION_FORMAT = dwarf;
				ENABLE_STRICT_OBJC_MSGSEND = YES;
				ENABLE_TESTABILITY = YES;
				GCC_C_LANGUAGE_STANDARD = gnu11;
				GCC_DYNAMIC_NO_PIC = NO;
				GCC_NO_COMMON_BLOCKS = YES;
				GCC_OPTIMIZATION_LEVEL = 0;
				GCC_PREPROCESSOR_DEFINITIONS = (
					"DEBUG=1",
					"$(inherited)",
				);
				GCC_WARN_64_TO_32_BIT_CONVERSION = YES;
				GCC_WARN_ABOUT_RETURN_TYPE = YES_ERROR;
				GCC_WARN_UNDECLARED_SELECTOR = YES;
				GCC_WARN_UNINITIALIZED_AUTOS = YES_AGGRESSIVE;
				GCC_WARN_UNUSED_FUNCTION = YES;
				GCC_WARN_UNUSED_VARIABLE = YES;
				IPHONEOS_DEPLOYMENT_TARGET = 14.0;
				MTL_ENABLE_DEBUG_INFO = INCLUDE_SOURCE;
				MTL_FAST_MATH = YES;
				ONLY_ACTIVE_ARCH = YES;
				SDKROOT = iphoneos;
				SWIFT_ACTIVE_COMPILATION_CONDITIONS = DEBUG;
				SWIFT_OPTIMIZATION_LEVEL = "-Onone";
			};
			name = Debug;
		};
		CB5E4214255A9DA000CB3872 /* Release */ = {
			isa = XCBuildConfiguration;
			buildSettings = {
				ALWAYS_SEARCH_USER_PATHS = NO;
				CLANG_ANALYZER_NONNULL = YES;
				CLANG_ANALYZER_NUMBER_OBJECT_CONVERSION = YES_AGGRESSIVE;
				CLANG_CXX_LANGUAGE_STANDARD = "gnu++14";
				CLANG_CXX_LIBRARY = "libc++";
				CLANG_ENABLE_MODULES = YES;
				CLANG_ENABLE_OBJC_ARC = YES;
				CLANG_ENABLE_OBJC_WEAK = YES;
				CLANG_WARN_BLOCK_CAPTURE_AUTORELEASING = YES;
				CLANG_WARN_BOOL_CONVERSION = YES;
				CLANG_WARN_COMMA = YES;
				CLANG_WARN_CONSTANT_CONVERSION = YES;
				CLANG_WARN_DEPRECATED_OBJC_IMPLEMENTATIONS = YES;
				CLANG_WARN_DIRECT_OBJC_ISA_USAGE = YES_ERROR;
				CLANG_WARN_DOCUMENTATION_COMMENTS = YES;
				CLANG_WARN_EMPTY_BODY = YES;
				CLANG_WARN_ENUM_CONVERSION = YES;
				CLANG_WARN_INFINITE_RECURSION = YES;
				CLANG_WARN_INT_CONVERSION = YES;
				CLANG_WARN_NON_LITERAL_NULL_CONVERSION = YES;
				CLANG_WARN_OBJC_IMPLICIT_RETAIN_SELF = YES;
				CLANG_WARN_OBJC_LITERAL_CONVERSION = YES;
				CLANG_WARN_OBJC_ROOT_CLASS = YES_ERROR;
				CLANG_WARN_QUOTED_INCLUDE_IN_FRAMEWORK_HEADER = YES;
				CLANG_WARN_RANGE_LOOP_ANALYSIS = YES;
				CLANG_WARN_STRICT_PROTOTYPES = YES;
				CLANG_WARN_SUSPICIOUS_MOVE = YES;
				CLANG_WARN_UNGUARDED_AVAILABILITY = YES_AGGRESSIVE;
				CLANG_WARN_UNREACHABLE_CODE = YES;
				CLANG_WARN__DUPLICATE_METHOD_MATCH = YES;
				COPY_PHASE_STRIP = NO;
				DEBUG_INFORMATION_FORMAT = "dwarf-with-dsym";
				ENABLE_NS_ASSERTIONS = NO;
				ENABLE_STRICT_OBJC_MSGSEND = YES;
				GCC_C_LANGUAGE_STANDARD = gnu11;
				GCC_NO_COMMON_BLOCKS = YES;
				GCC_WARN_64_TO_32_BIT_CONVERSION = YES;
				GCC_WARN_ABOUT_RETURN_TYPE = YES_ERROR;
				GCC_WARN_UNDECLARED_SELECTOR = YES;
				GCC_WARN_UNINITIALIZED_AUTOS = YES_AGGRESSIVE;
				GCC_WARN_UNUSED_FUNCTION = YES;
				GCC_WARN_UNUSED_VARIABLE = YES;
				IPHONEOS_DEPLOYMENT_TARGET = 14.0;
				MTL_ENABLE_DEBUG_INFO = NO;
				MTL_FAST_MATH = YES;
				SDKROOT = iphoneos;
				SWIFT_COMPILATION_MODE = wholemodule;
				SWIFT_OPTIMIZATION_LEVEL = "-O";
				VALIDATE_PRODUCT = YES;
			};
			name = Release;
		};
		CB5E4216255A9DA000CB3872 /* Debug */ = {
			isa = XCBuildConfiguration;
			buildSettings = {
				ASSETCATALOG_COMPILER_APPICON_NAME = AppIcon;
				ASSETCATALOG_COMPILER_GLOBAL_ACCENT_COLOR_NAME = AccentColor;
				CODE_SIGN_STYLE = Automatic;
				DEVELOPMENT_TEAM = 3Y4YT75U8C;
				INFOPLIST_FILE = News/SupportingFiles/Info.plist;
				LD_RUNPATH_SEARCH_PATHS = (
					"$(inherited)",
					"@executable_path/Frameworks",
				);
				PRODUCT_BUNDLE_IDENTIFIER = Roman.RNews;
				PRODUCT_NAME = "$(TARGET_NAME)";
				SWIFT_VERSION = 5.0;
				TARGETED_DEVICE_FAMILY = "1,2";
			};
			name = Debug;
		};
		CB5E4217255A9DA000CB3872 /* Release */ = {
			isa = XCBuildConfiguration;
			buildSettings = {
				ASSETCATALOG_COMPILER_APPICON_NAME = AppIcon;
				ASSETCATALOG_COMPILER_GLOBAL_ACCENT_COLOR_NAME = AccentColor;
				CODE_SIGN_STYLE = Automatic;
				DEVELOPMENT_TEAM = 3Y4YT75U8C;
				INFOPLIST_FILE = News/SupportingFiles/Info.plist;
				LD_RUNPATH_SEARCH_PATHS = (
					"$(inherited)",
					"@executable_path/Frameworks",
				);
				PRODUCT_BUNDLE_IDENTIFIER = Roman.RNews;
				PRODUCT_NAME = "$(TARGET_NAME)";
				SWIFT_VERSION = 5.0;
				TARGETED_DEVICE_FAMILY = "1,2";
			};
			name = Release;
		};
/* End XCBuildConfiguration section */

/* Begin XCConfigurationList section */
		CB5E41FC255A9D9D00CB3872 /* Build configuration list for PBXProject "News" */ = {
			isa = XCConfigurationList;
			buildConfigurations = (
				CB5E4213255A9DA000CB3872 /* Debug */,
				CB5E4214255A9DA000CB3872 /* Release */,
			);
			defaultConfigurationIsVisible = 0;
			defaultConfigurationName = Release;
		};
		CB5E4215255A9DA000CB3872 /* Build configuration list for PBXNativeTarget "News" */ = {
			isa = XCConfigurationList;
			buildConfigurations = (
				CB5E4216255A9DA000CB3872 /* Debug */,
				CB5E4217255A9DA000CB3872 /* Release */,
			);
			defaultConfigurationIsVisible = 0;
			defaultConfigurationName = Release;
		};
/* End XCConfigurationList section */
	};
	rootObject = CB5E41F9255A9D9D00CB3872 /* Project object */;
}
